// !$*UTF8*$!
{
	archiveVersion = 1;
	classes = {
	};
	objectVersion = 46;
	objects = {

/* Begin PBXBuildFile section */
		2F6B035B1BFEF98800C65067 /* AppDelegate.swift in Sources */ = {isa = PBXBuildFile; fileRef = 2F6B035A1BFEF98800C65067 /* AppDelegate.swift */; };
		2F6B035D1BFEF98800C65067 /* ViewController.swift in Sources */ = {isa = PBXBuildFile; fileRef = 2F6B035C1BFEF98800C65067 /* ViewController.swift */; };
		2F6B03601BFEF98800C65067 /* Main.storyboard in Resources */ = {isa = PBXBuildFile; fileRef = 2F6B035E1BFEF98800C65067 /* Main.storyboard */; };
		2F6B03621BFEF98800C65067 /* Assets.xcassets in Resources */ = {isa = PBXBuildFile; fileRef = 2F6B03611BFEF98800C65067 /* Assets.xcassets */; };
		2F6B03651BFEF98800C65067 /* LaunchScreen.storyboard in Resources */ = {isa = PBXBuildFile; fileRef = 2F6B03631BFEF98800C65067 /* LaunchScreen.storyboard */; };
		2F6B036A1BFEF98800C65067 /* HolaMundo WatchKit App.app in Embed Watch Content */ = {isa = PBXBuildFile; fileRef = 2F6B03691BFEF98800C65067 /* HolaMundo WatchKit App.app */; };
		2F6B03701BFEF98800C65067 /* Interface.storyboard in Resources */ = {isa = PBXBuildFile; fileRef = 2F6B036E1BFEF98800C65067 /* Interface.storyboard */; };
		2F6B03721BFEF98800C65067 /* Assets.xcassets in Resources */ = {isa = PBXBuildFile; fileRef = 2F6B03711BFEF98800C65067 /* Assets.xcassets */; };
		2F6B03791BFEF98900C65067 /* HolaMundo WatchKit Extension.appex in Embed App Extensions */ = {isa = PBXBuildFile; fileRef = 2F6B03781BFEF98900C65067 /* HolaMundo WatchKit Extension.appex */; settings = {ATTRIBUTES = (RemoveHeadersOnCopy, ); }; };
		2F6B03801BFEF98900C65067 /* InterfaceController.swift in Sources */ = {isa = PBXBuildFile; fileRef = 2F6B037F1BFEF98900C65067 /* InterfaceController.swift */; };
		2F6B03821BFEF98900C65067 /* ExtensionDelegate.swift in Sources */ = {isa = PBXBuildFile; fileRef = 2F6B03811BFEF98900C65067 /* ExtensionDelegate.swift */; };
		2F6B03841BFEF98900C65067 /* NotificationController.swift in Sources */ = {isa = PBXBuildFile; fileRef = 2F6B03831BFEF98900C65067 /* NotificationController.swift */; };
		2F6B03861BFEF98900C65067 /* Assets.xcassets in Resources */ = {isa = PBXBuildFile; fileRef = 2F6B03851BFEF98900C65067 /* Assets.xcassets */; };
/* End PBXBuildFile section */

/* Begin PBXContainerItemProxy section */
		2F6B036B1BFEF98800C65067 /* PBXContainerItemProxy */ = {
			isa = PBXContainerItemProxy;
			containerPortal = 2F6B034F1BFEF98800C65067 /* Project object */;
			proxyType = 1;
			remoteGlobalIDString = 2F6B03681BFEF98800C65067;
			remoteInfo = "HolaMundo WatchKit App";
		};
		2F6B037A1BFEF98900C65067 /* PBXContainerItemProxy */ = {
			isa = PBXContainerItemProxy;
			containerPortal = 2F6B034F1BFEF98800C65067 /* Project object */;
			proxyType = 1;
			remoteGlobalIDString = 2F6B03771BFEF98900C65067;
			remoteInfo = "HolaMundo WatchKit Extension";
		};
/* End PBXContainerItemProxy section */

/* Begin PBXCopyFilesBuildPhase section */
		2F6B038D1BFEF98900C65067 /* Embed App Extensions */ = {
			isa = PBXCopyFilesBuildPhase;
			buildActionMask = 2147483647;
			dstPath = "";
			dstSubfolderSpec = 13;
			files = (
				2F6B03791BFEF98900C65067 /* HolaMundo WatchKit Extension.appex in Embed App Extensions */,
			);
			name = "Embed App Extensions";
			runOnlyForDeploymentPostprocessing = 0;
		};
		2F6B03911BFEF98900C65067 /* Embed Watch Content */ = {
			isa = PBXCopyFilesBuildPhase;
			buildActionMask = 2147483647;
			dstPath = "$(CONTENTS_FOLDER_PATH)/Watch";
			dstSubfolderSpec = 16;
			files = (
				2F6B036A1BFEF98800C65067 /* HolaMundo WatchKit App.app in Embed Watch Content */,
			);
			name = "Embed Watch Content";
			runOnlyForDeploymentPostprocessing = 0;
		};
/* End PBXCopyFilesBuildPhase section */

/* Begin PBXFileReference section */
		2F6B03571BFEF98800C65067 /* HolaMundo.app */ = {isa = PBXFileReference; explicitFileType = wrapper.application; includeInIndex = 0; path = HolaMundo.app; sourceTree = BUILT_PRODUCTS_DIR; };
		2F6B035A1BFEF98800C65067 /* AppDelegate.swift */ = {isa = PBXFileReference; lastKnownFileType = sourcecode.swift; path = AppDelegate.swift; sourceTree = "<group>"; };
		2F6B035C1BFEF98800C65067 /* ViewController.swift */ = {isa = PBXFileReference; lastKnownFileType = sourcecode.swift; path = ViewController.swift; sourceTree = "<group>"; };
		2F6B035F1BFEF98800C65067 /* Base */ = {isa = PBXFileReference; lastKnownFileType = file.storyboard; name = Base; path = Base.lproj/Main.storyboard; sourceTree = "<group>"; };
		2F6B03611BFEF98800C65067 /* Assets.xcassets */ = {isa = PBXFileReference; lastKnownFileType = folder.assetcatalog; path = Assets.xcassets; sourceTree = "<group>"; };
		2F6B03641BFEF98800C65067 /* Base */ = {isa = PBXFileReference; lastKnownFileType = file.storyboard; name = Base; path = Base.lproj/LaunchScreen.storyboard; sourceTree = "<group>"; };
		2F6B03661BFEF98800C65067 /* Info.plist */ = {isa = PBXFileReference; lastKnownFileType = text.plist.xml; path = Info.plist; sourceTree = "<group>"; };
		2F6B03691BFEF98800C65067 /* HolaMundo WatchKit App.app */ = {isa = PBXFileReference; explicitFileType = wrapper.application; includeInIndex = 0; path = "HolaMundo WatchKit App.app"; sourceTree = BUILT_PRODUCTS_DIR; };
		2F6B036F1BFEF98800C65067 /* Base */ = {isa = PBXFileReference; lastKnownFileType = file.storyboard; name = Base; path = Base.lproj/Interface.storyboard; sourceTree = "<group>"; };
		2F6B03711BFEF98800C65067 /* Assets.xcassets */ = {isa = PBXFileReference; lastKnownFileType = folder.assetcatalog; path = Assets.xcassets; sourceTree = "<group>"; };
		2F6B03731BFEF98800C65067 /* Info.plist */ = {isa = PBXFileReference; lastKnownFileType = text.plist.xml; path = Info.plist; sourceTree = "<group>"; };
		2F6B03781BFEF98900C65067 /* HolaMundo WatchKit Extension.appex */ = {isa = PBXFileReference; explicitFileType = "wrapper.app-extension"; includeInIndex = 0; path = "HolaMundo WatchKit Extension.appex"; sourceTree = BUILT_PRODUCTS_DIR; };
		2F6B037E1BFEF98900C65067 /* PushNotificationPayload.apns */ = {isa = PBXFileReference; lastKnownFileType = text; path = PushNotificationPayload.apns; sourceTree = "<group>"; };
		2F6B037F1BFEF98900C65067 /* InterfaceController.swift */ = {isa = PBXFileReference; lastKnownFileType = sourcecode.swift; path = InterfaceController.swift; sourceTree = "<group>"; };
		2F6B03811BFEF98900C65067 /* ExtensionDelegate.swift */ = {isa = PBXFileReference; lastKnownFileType = sourcecode.swift; path = ExtensionDelegate.swift; sourceTree = "<group>"; };
		2F6B03831BFEF98900C65067 /* NotificationController.swift */ = {isa = PBXFileReference; lastKnownFileType = sourcecode.swift; path = NotificationController.swift; sourceTree = "<group>"; };
		2F6B03851BFEF98900C65067 /* Assets.xcassets */ = {isa = PBXFileReference; lastKnownFileType = folder.assetcatalog; path = Assets.xcassets; sourceTree = "<group>"; };
		2F6B03871BFEF98900C65067 /* Info.plist */ = {isa = PBXFileReference; lastKnownFileType = text.plist.xml; path = Info.plist; sourceTree = "<group>"; };
/* End PBXFileReference section */

/* Begin PBXFrameworksBuildPhase section */
		2F6B03541BFEF98800C65067 /* Frameworks */ = {
			isa = PBXFrameworksBuildPhase;
			buildActionMask = 2147483647;
			files = (
			);
			runOnlyForDeploymentPostprocessing = 0;
		};
		2F6B03751BFEF98900C65067 /* Frameworks */ = {
			isa = PBXFrameworksBuildPhase;
			buildActionMask = 2147483647;
			files = (
			);
			runOnlyForDeploymentPostprocessing = 0;
		};
/* End PBXFrameworksBuildPhase section */

/* Begin PBXGroup section */
		2F6B034E1BFEF98800C65067 = {
			isa = PBXGroup;
			children = (
				2F6B03591BFEF98800C65067 /* HolaMundo */,
				2F6B036D1BFEF98800C65067 /* HolaMundo WatchKit App */,
				2F6B037C1BFEF98900C65067 /* HolaMundo WatchKit Extension */,
				2F6B03581BFEF98800C65067 /* Products */,
			);
			sourceTree = "<group>";
		};
		2F6B03581BFEF98800C65067 /* Products */ = {
			isa = PBXGroup;
			children = (
				2F6B03571BFEF98800C65067 /* HolaMundo.app */,
				2F6B03691BFEF98800C65067 /* HolaMundo WatchKit App.app */,
				2F6B03781BFEF98900C65067 /* HolaMundo WatchKit Extension.appex */,
			);
			name = Products;
			sourceTree = "<group>";
		};
		2F6B03591BFEF98800C65067 /* HolaMundo */ = {
			isa = PBXGroup;
			children = (
				2F6B035A1BFEF98800C65067 /* AppDelegate.swift */,
				2F6B035C1BFEF98800C65067 /* ViewController.swift */,
				2F6B035E1BFEF98800C65067 /* Main.storyboard */,
				2F6B03611BFEF98800C65067 /* Assets.xcassets */,
				2F6B03631BFEF98800C65067 /* LaunchScreen.storyboard */,
				2F6B03661BFEF98800C65067 /* Info.plist */,
			);
			path = HolaMundo;
			sourceTree = "<group>";
		};
		2F6B036D1BFEF98800C65067 /* HolaMundo WatchKit App */ = {
			isa = PBXGroup;
			children = (
				2F6B036E1BFEF98800C65067 /* Interface.storyboard */,
				2F6B03711BFEF98800C65067 /* Assets.xcassets */,
				2F6B03731BFEF98800C65067 /* Info.plist */,
			);
			path = "HolaMundo WatchKit App";
			sourceTree = "<group>";
		};
		2F6B037C1BFEF98900C65067 /* HolaMundo WatchKit Extension */ = {
			isa = PBXGroup;
			children = (
				2F6B037F1BFEF98900C65067 /* InterfaceController.swift */,
				2F6B03811BFEF98900C65067 /* ExtensionDelegate.swift */,
				2F6B03831BFEF98900C65067 /* NotificationController.swift */,
				2F6B03851BFEF98900C65067 /* Assets.xcassets */,
				2F6B03871BFEF98900C65067 /* Info.plist */,
				2F6B037D1BFEF98900C65067 /* Supporting Files */,
			);
			path = "HolaMundo WatchKit Extension";
			sourceTree = "<group>";
		};
		2F6B037D1BFEF98900C65067 /* Supporting Files */ = {
			isa = PBXGroup;
			children = (
				2F6B037E1BFEF98900C65067 /* PushNotificationPayload.apns */,
			);
			name = "Supporting Files";
			sourceTree = "<group>";
		};
/* End PBXGroup section */

/* Begin PBXNativeTarget section */
		2F6B03561BFEF98800C65067 /* HolaMundo */ = {
			isa = PBXNativeTarget;
			buildConfigurationList = 2F6B03921BFEF98900C65067 /* Build configuration list for PBXNativeTarget "HolaMundo" */;
			buildPhases = (
				2F6B03531BFEF98800C65067 /* Sources */,
				2F6B03541BFEF98800C65067 /* Frameworks */,
				2F6B03551BFEF98800C65067 /* Resources */,
				2F6B03911BFEF98900C65067 /* Embed Watch Content */,
			);
			buildRules = (
			);
			dependencies = (
				2F6B036C1BFEF98800C65067 /* PBXTargetDependency */,
			);
			name = HolaMundo;
			productName = HolaMundo;
			productReference = 2F6B03571BFEF98800C65067 /* HolaMundo.app */;
			productType = "com.apple.product-type.application";
		};
		2F6B03681BFEF98800C65067 /* HolaMundo WatchKit App */ = {
			isa = PBXNativeTarget;
			buildConfigurationList = 2F6B038E1BFEF98900C65067 /* Build configuration list for PBXNativeTarget "HolaMundo WatchKit App" */;
			buildPhases = (
				2F6B03671BFEF98800C65067 /* Resources */,
				2F6B038D1BFEF98900C65067 /* Embed App Extensions */,
			);
			buildRules = (
			);
			dependencies = (
				2F6B037B1BFEF98900C65067 /* PBXTargetDependency */,
			);
			name = "HolaMundo WatchKit App";
			productName = "HolaMundo WatchKit App";
			productReference = 2F6B03691BFEF98800C65067 /* HolaMundo WatchKit App.app */;
			productType = "com.apple.product-type.application.watchapp2";
		};
		2F6B03771BFEF98900C65067 /* HolaMundo WatchKit Extension */ = {
			isa = PBXNativeTarget;
			buildConfigurationList = 2F6B038A1BFEF98900C65067 /* Build configuration list for PBXNativeTarget "HolaMundo WatchKit Extension" */;
			buildPhases = (
				2F6B03741BFEF98900C65067 /* Sources */,
				2F6B03751BFEF98900C65067 /* Frameworks */,
				2F6B03761BFEF98900C65067 /* Resources */,
			);
			buildRules = (
			);
			dependencies = (
			);
			name = "HolaMundo WatchKit Extension";
			productName = "HolaMundo WatchKit Extension";
			productReference = 2F6B03781BFEF98900C65067 /* HolaMundo WatchKit Extension.appex */;
			productType = "com.apple.product-type.watchkit2-extension";
		};
/* End PBXNativeTarget section */

/* Begin PBXProject section */
		2F6B034F1BFEF98800C65067 /* Project object */ = {
			isa = PBXProject;
			attributes = {
				LastUpgradeCheck = 0700;
				ORGANIZATIONNAME = "Netzer Rivera";
				TargetAttributes = {
					2F6B03561BFEF98800C65067 = {
						CreatedOnToolsVersion = 7.0;
					};
					2F6B03681BFEF98800C65067 = {
						CreatedOnToolsVersion = 7.0;
					};
					2F6B03771BFEF98900C65067 = {
						CreatedOnToolsVersion = 7.0;
					};
				};
			};
			buildConfigurationList = 2F6B03521BFEF98800C65067 /* Build configuration list for PBXProject "HolaMundo" */;
			compatibilityVersion = "Xcode 3.2";
			developmentRegion = English;
			hasScannedForEncodings = 0;
			knownRegions = (
				en,
				Base,
			);
			mainGroup = 2F6B034E1BFEF98800C65067;
			productRefGroup = 2F6B03581BFEF98800C65067 /* Products */;
			projectDirPath = "";
			projectRoot = "";
			targets = (
				2F6B03561BFEF98800C65067 /* HolaMundo */,
				2F6B03681BFEF98800C65067 /* HolaMundo WatchKit App */,
				2F6B03771BFEF98900C65067 /* HolaMundo WatchKit Extension */,
			);
		};
/* End PBXProject section */

/* Begin PBXResourcesBuildPhase section */
		2F6B03551BFEF98800C65067 /* Resources */ = {
			isa = PBXResourcesBuildPhase;
			buildActionMask = 2147483647;
			files = (
				2F6B03651BFEF98800C65067 /* LaunchScreen.storyboard in Resources */,
				2F6B03621BFEF98800C65067 /* Assets.xcassets in Resources */,
				2F6B03601BFEF98800C65067 /* Main.storyboard in Resources */,
			);
			runOnlyForDeploymentPostprocessing = 0;
		};
		2F6B03671BFEF98800C65067 /* Resources */ = {
			isa = PBXResourcesBuildPhase;
			buildActionMask = 2147483647;
			files = (
				2F6B03721BFEF98800C65067 /* Assets.xcassets in Resources */,
				2F6B03701BFEF98800C65067 /* Interface.storyboard in Resources */,
			);
			runOnlyForDeploymentPostprocessing = 0;
		};
		2F6B03761BFEF98900C65067 /* Resources */ = {
			isa = PBXResourcesBuildPhase;
			buildActionMask = 2147483647;
			files = (
				2F6B03861BFEF98900C65067 /* Assets.xcassets in Resources */,
			);
			runOnlyForDeploymentPostprocessing = 0;
		};
/* End PBXResourcesBuildPhase section */

/* Begin PBXSourcesBuildPhase section */
		2F6B03531BFEF98800C65067 /* Sources */ = {
			isa = PBXSourcesBuildPhase;
			buildActionMask = 2147483647;
			files = (
				2F6B035D1BFEF98800C65067 /* ViewController.swift in Sources */,
				2F6B035B1BFEF98800C65067 /* AppDelegate.swift in Sources */,
			);
			runOnlyForDeploymentPostprocessing = 0;
		};
		2F6B03741BFEF98900C65067 /* Sources */ = {
			isa = PBXSourcesBuildPhase;
			buildActionMask = 2147483647;
			files = (
				2F6B03841BFEF98900C65067 /* NotificationController.swift in Sources */,
				2F6B03821BFEF98900C65067 /* ExtensionDelegate.swift in Sources */,
				2F6B03801BFEF98900C65067 /* InterfaceController.swift in Sources */,
			);
			runOnlyForDeploymentPostprocessing = 0;
		};
/* End PBXSourcesBuildPhase section */

/* Begin PBXTargetDependency section */
		2F6B036C1BFEF98800C65067 /* PBXTargetDependency */ = {
			isa = PBXTargetDependency;
			target = 2F6B03681BFEF98800C65067 /* HolaMundo WatchKit App */;
			targetProxy = 2F6B036B1BFEF98800C65067 /* PBXContainerItemProxy */;
		};
		2F6B037B1BFEF98900C65067 /* PBXTargetDependency */ = {
			isa = PBXTargetDependency;
			target = 2F6B03771BFEF98900C65067 /* HolaMundo WatchKit Extension */;
			targetProxy = 2F6B037A1BFEF98900C65067 /* PBXContainerItemProxy */;
		};
/* End PBXTargetDependency section */

/* Begin PBXVariantGroup section */
		2F6B035E1BFEF98800C65067 /* Main.storyboard */ = {
			isa = PBXVariantGroup;
			children = (
				2F6B035F1BFEF98800C65067 /* Base */,
			);
			name = Main.storyboard;
			sourceTree = "<group>";
		};
		2F6B03631BFEF98800C65067 /* LaunchScreen.storyboard */ = {
			isa = PBXVariantGroup;
			children = (
				2F6B03641BFEF98800C65067 /* Base */,
			);
			name = LaunchScreen.storyboard;
			sourceTree = "<group>";
		};
		2F6B036E1BFEF98800C65067 /* Interface.storyboard */ = {
			isa = PBXVariantGroup;
			children = (
				2F6B036F1BFEF98800C65067 /* Base */,
			);
			name = Interface.storyboard;
			sourceTree = "<group>";
		};
/* End PBXVariantGroup section */

/* Begin XCBuildConfiguration section */
		2F6B03881BFEF98900C65067 /* Debug */ = {
			isa = XCBuildConfiguration;
			buildSettings = {
				ALWAYS_SEARCH_USER_PATHS = NO;
				CLANG_CXX_LANGUAGE_STANDARD = "gnu++0x";
				CLANG_CXX_LIBRARY = "libc++";
				CLANG_ENABLE_MODULES = YES;
				CLANG_ENABLE_OBJC_ARC = YES;
				CLANG_WARN_BOOL_CONVERSION = YES;
				CLANG_WARN_CONSTANT_CONVERSION = YES;
				CLANG_WARN_DIRECT_OBJC_ISA_USAGE = YES_ERROR;
				CLANG_WARN_EMPTY_BODY = YES;
				CLANG_WARN_ENUM_CONVERSION = YES;
				CLANG_WARN_INT_CONVERSION = YES;
				CLANG_WARN_OBJC_ROOT_CLASS = YES_ERROR;
				CLANG_WARN_UNREACHABLE_CODE = YES;
				CLANG_WARN__DUPLICATE_METHOD_MATCH = YES;
				"CODE_SIGN_IDENTITY[sdk=iphoneos*]" = "iPhone Developer";
				COPY_PHASE_STRIP = NO;
				DEBUG_INFORMATION_FORMAT = dwarf;
				ENABLE_STRICT_OBJC_MSGSEND = YES;
				ENABLE_TESTABILITY = YES;
				GCC_C_LANGUAGE_STANDARD = gnu99;
				GCC_DYNAMIC_NO_PIC = NO;
				GCC_NO_COMMON_BLOCKS = YES;
				GCC_OPTIMIZATION_LEVEL = 0;
				GCC_PREPROCESSOR_DEFINITIONS = (
					"DEBUG=1",
					"$(inherited)",
				);
				GCC_WARN_64_TO_32_BIT_CONVERSION = YES;
				GCC_WARN_ABOUT_RETURN_TYPE = YES_ERROR;
				GCC_WARN_UNDECLARED_SELECTOR = YES;
				GCC_WARN_UNINITIALIZED_AUTOS = YES_AGGRESSIVE;
				GCC_WARN_UNUSED_FUNCTION = YES;
				GCC_WARN_UNUSED_VARIABLE = YES;
				IPHONEOS_DEPLOYMENT_TARGET = 9.0;
				MTL_ENABLE_DEBUG_INFO = YES;
				ONLY_ACTIVE_ARCH = YES;
				SDKROOT = iphoneos;
				SWIFT_OPTIMIZATION_LEVEL = "-Onone";
				TARGETED_DEVICE_FAMILY = "1,2";
			};
			name = Debug;
		};
		2F6B03891BFEF98900C65067 /* Release */ = {
			isa = XCBuildConfiguration;
			buildSettings = {
				ALWAYS_SEARCH_USER_PATHS = NO;
				CLANG_CXX_LANGUAGE_STANDARD = "gnu++0x";
				CLANG_CXX_LIBRARY = "libc++";
				CLANG_ENABLE_MODULES = YES;
				CLANG_ENABLE_OBJC_ARC = YES;
				CLANG_WARN_BOOL_CONVERSION = YES;
				CLANG_WARN_CONSTANT_CONVERSION = YES;
				CLANG_WARN_DIRECT_OBJC_ISA_USAGE = YES_ERROR;
				CLANG_WARN_EMPTY_BODY = YES;
				CLANG_WARN_ENUM_CONVERSION = YES;
				CLANG_WARN_INT_CONVERSION = YES;
				CLANG_WARN_OBJC_ROOT_CLASS = YES_ERROR;
				CLANG_WARN_UNREACHABLE_CODE = YES;
				CLANG_WARN__DUPLICATE_METHOD_MATCH = YES;
				"CODE_SIGN_IDENTITY[sdk=iphoneos*]" = "iPhone Developer";
				COPY_PHASE_STRIP = NO;
				DEBUG_INFORMATION_FORMAT = "dwarf-with-dsym";
				ENABLE_NS_ASSERTIONS = NO;
				ENABLE_STRICT_OBJC_MSGSEND = YES;
				GCC_C_LANGUAGE_STANDARD = gnu99;
				GCC_NO_COMMON_BLOCKS = YES;
				GCC_WARN_64_TO_32_BIT_CONVERSION = YES;
				GCC_WARN_ABOUT_RETURN_TYPE = YES_ERROR;
				GCC_WARN_UNDECLARED_SELECTOR = YES;
				GCC_WARN_UNINITIALIZED_AUTOS = YES_AGGRESSIVE;
				GCC_WARN_UNUSED_FUNCTION = YES;
				GCC_WARN_UNUSED_VARIABLE = YES;
				IPHONEOS_DEPLOYMENT_TARGET = 9.0;
				MTL_ENABLE_DEBUG_INFO = NO;
				SDKROOT = iphoneos;
				TARGETED_DEVICE_FAMILY = "1,2";
				VALIDATE_PRODUCT = YES;
			};
			name = Release;
		};
		2F6B038B1BFEF98900C65067 /* Debug */ = {
			isa = XCBuildConfiguration;
			buildSettings = {
				INFOPLIST_FILE = "HolaMundo WatchKit Extension/Info.plist";
				LD_RUNPATH_SEARCH_PATHS = "$(inherited) @executable_path/Frameworks @executable_path/../../Frameworks";
				PRODUCT_BUNDLE_IDENTIFIER = com.jazztas.HolaMundo.watchkitapp.watchkitextension;
				PRODUCT_NAME = "${TARGET_NAME}";
				SDKROOT = watchos;
				SKIP_INSTALL = YES;
				TARGETED_DEVICE_FAMILY = 4;
				WATCHOS_DEPLOYMENT_TARGET = 2.0;
			};
			name = Debug;
		};
		2F6B038C1BFEF98900C65067 /* Release */ = {
			isa = XCBuildConfiguration;
			buildSettings = {
				INFOPLIST_FILE = "HolaMundo WatchKit Extension/Info.plist";
				LD_RUNPATH_SEARCH_PATHS = "$(inherited) @executable_path/Frameworks @executable_path/../../Frameworks";
				PRODUCT_BUNDLE_IDENTIFIER = com.jazztas.HolaMundo.watchkitapp.watchkitextension;
				PRODUCT_NAME = "${TARGET_NAME}";
				SDKROOT = watchos;
				SKIP_INSTALL = YES;
				TARGETED_DEVICE_FAMILY = 4;
				WATCHOS_DEPLOYMENT_TARGET = 2.0;
			};
			name = Release;
		};
		2F6B038F1BFEF98900C65067 /* Debug */ = {
			isa = XCBuildConfiguration;
			buildSettings = {
				ASSETCATALOG_COMPILER_APPICON_NAME = AppIcon;
				EMBEDDED_CONTENT_CONTAINS_SWIFT = YES;
				IBSC_MODULE = HolaMundo_WatchKit_Extension;
				INFOPLIST_FILE = "HolaMundo WatchKit App/Info.plist";
				PRODUCT_BUNDLE_IDENTIFIER = com.jazztas.HolaMundo.watchkitapp;
				PRODUCT_NAME = "$(TARGET_NAME)";
				SDKROOT = watchos;
				SKIP_INSTALL = YES;
				TARGETED_DEVICE_FAMILY = 4;
				WATCHOS_DEPLOYMENT_TARGET = 2.0;
			};
			name = Debug;
		};
		2F6B03901BFEF98900C65067 /* Release */ = {
			isa = XCBuildConfiguration;
			buildSettings = {
				ASSETCATALOG_COMPILER_APPICON_NAME = AppIcon;
				EMBEDDED_CONTENT_CONTAINS_SWIFT = YES;
				IBSC_MODULE = HolaMundo_WatchKit_Extension;
				INFOPLIST_FILE = "HolaMundo WatchKit App/Info.plist";
				PRODUCT_BUNDLE_IDENTIFIER = com.jazztas.HolaMundo.watchkitapp;
				PRODUCT_NAME = "$(TARGET_NAME)";
				SDKROOT = watchos;
				SKIP_INSTALL = YES;
				TARGETED_DEVICE_FAMILY = 4;
				WATCHOS_DEPLOYMENT_TARGET = 2.0;
			};
			name = Release;
		};
		2F6B03931BFEF98900C65067 /* Debug */ = {
			isa = XCBuildConfiguration;
			buildSettings = {
				ASSETCATALOG_COMPILER_APPICON_NAME = AppIcon;
				INFOPLIST_FILE = HolaMundo/Info.plist;
				LD_RUNPATH_SEARCH_PATHS = "$(inherited) @executable_path/Frameworks";
				PRODUCT_BUNDLE_IDENTIFIER = com.jazztas.HolaMundo;
				PRODUCT_NAME = "$(TARGET_NAME)";
			};
			name = Debug;
		};
		2F6B03941BFEF98900C65067 /* Release */ = {
			isa = XCBuildConfiguration;
			buildSettings = {
				ASSETCATALOG_COMPILER_APPICON_NAME = AppIcon;
				INFOPLIST_FILE = HolaMundo/Info.plist;
				LD_RUNPATH_SEARCH_PATHS = "$(inherited) @executable_path/Frameworks";
				PRODUCT_BUNDLE_IDENTIFIER = com.jazztas.HolaMundo;
				PRODUCT_NAME = "$(TARGET_NAME)";
			};
			name = Release;
		};
/* End XCBuildConfiguration section */

/* Begin XCConfigurationList section */
		2F6B03521BFEF98800C65067 /* Build configuration list for PBXProject "HolaMundo" */ = {
			isa = XCConfigurationList;
			buildConfigurations = (
				2F6B03881BFEF98900C65067 /* Debug */,
				2F6B03891BFEF98900C65067 /* Release */,
			);
			defaultConfigurationIsVisible = 0;
			defaultConfigurationName = Release;
		};
		2F6B038A1BFEF98900C65067 /* Build configuration list for PBXNativeTarget "HolaMundo WatchKit Extension" */ = {
			isa = XCConfigurationList;
			buildConfigurations = (
				2F6B038B1BFEF98900C65067 /* Debug */,
				2F6B038C1BFEF98900C65067 /* Release */,
			);
			defaultConfigurationIsVisible = 0;
		};
		2F6B038E1BFEF98900C65067 /* Build configuration list for PBXNativeTarget "HolaMundo WatchKit App" */ = {
			isa = XCConfigurationList;
			buildConfigurations = (
				2F6B038F1BFEF98900C65067 /* Debug */,
				2F6B03901BFEF98900C65067 /* Release */,
			);
			defaultConfigurationIsVisible = 0;
		};
		2F6B03921BFEF98900C65067 /* Build configuration list for PBXNativeTarget "HolaMundo" */ = {
			isa = XCConfigurationList;
			buildConfigurations = (
				2F6B03931BFEF98900C65067 /* Debug */,
				2F6B03941BFEF98900C65067 /* Release */,
			);
			defaultConfigurationIsVisible = 0;
		};
/* End XCConfigurationList section */
	};
	rootObject = 2F6B034F1BFEF98800C65067 /* Project object */;
}
